
Microsoft Visual Studio Solution File, Format Version 10.00
# Visual Studio 2008
Project("{F184B08F-C81C-45F6-A57F-5ABD9991F28F}") = "PIS-SERVER", "PIS-SERVER\PIS-SERVER.vbproj", "{12D59EB8-69B6-418D-A50E-F127C01ADD18}"
EndProject
Project("{F184B08F-C81C-45F6-A57F-5ABD9991F28F}") = "Common", "Common\Common.vbproj", "{78EF0E07-A6F0-4937-8F85-1B0B678E79DF}"
EndProject
Project("{F184B08F-C81C-45F6-A57F-5ABD9991F28F}") = "PIS-SERVICE", "PIS-SERVICE\PIS-SERVICE.vbproj", "{2BD0D46C-52B3-41FA-BB1B-4AFD08D06CE7}"
EndProject
Project("{F184B08F-C81C-45F6-A57F-5ABD9991F28F}") = "PIS-IMPORT", "PIS-IMPORT\PIS-IMPORT.vbproj", "{514DB32A-850F-4C43-AFA8-8FB4488B92A4}"
EndProject
Project("{F184B08F-C81C-45F6-A57F-5ABD9991F28F}") = "log-Service", "log-Service\log-Service.vbproj", "{F63F9237-994D-49AB-9D77-C026FD6E3D16}"
EndProject
Project("{F184B08F-C81C-45F6-A57F-5ABD9991F28F}") = "ReadStdIO", "ReadStdIO\ReadStdIO.vbproj", "{C7C1A47D-9BAC-42C8-947C-6C1ED109B5ED}"
EndProject
Project("{54435603-DBB4-11D2-8724-00A0C9A8B90C}") = "RT50BodyPISSetup", "RT50BodyPISSetup\RT50BodyPISSetup.vdproj", "{C0882F71-3700-4E1C-9AA0-96D7A86A2B24}"
EndProject
Project("{F184B08F-C81C-45F6-A57F-5ABD9991F28F}") = "RestartDialog", "RestartDialog\RestartDialog.vbproj", "{5B12CD83-BF1F-45DE-870F-61B5D8B81F5F}"
EndProject
Project("{F184B08F-C81C-45F6-A57F-5ABD9991F28F}") = "addhost", "addhost\addhost.vbproj", "{117A1861-B14C-41C4-8C4C-C8A82A736A2C}"
EndProject
Project("{F184B08F-C81C-45F6-A57F-5ABD9991F28F}") = "delhost", "delhost\delhost.vbproj", "{BCE804EE-11F9-48E2-9718-3F1BBFCA113F}"
EndProject
Project("{F184B08F-C81C-45F6-A57F-5ABD9991F28F}") = "PIS-SCHEDULER", "PISScheduler\PIS-SCHEDULER.vbproj", "{F1B3AD9C-7D24-43D4-B824-A6EAFC60FF71}"
EndProject
Project("{F184B08F-C81C-45F6-A57F-5ABD9991F28F}") = "Batch-Service", "Batch-Service\Batch-Service.vbproj", "{2D9F7656-BD65-432B-8B6C-6E8AA558720F}"
EndProject
Project("{54435603-DBB4-11D2-8724-00A0C9A8B90C}") = "SetupBatch", "SetupBatch\SetupBatch.vdproj", "{DEB4192A-0D9C-484A-B99C-7B589E1E7448}"
EndProject
Global
	GlobalSection(SolutionConfigurationPlatforms) = preSolution
		Debug|Any CPU = Debug|Any CPU
		Release|Any CPU = Release|Any CPU
	EndGlobalSection
	GlobalSection(ProjectConfigurationPlatforms) = postSolution
		{12D59EB8-69B6-418D-A50E-F127C01ADD18}.Debug|Any CPU.ActiveCfg = Debug|Any CPU
		{12D59EB8-69B6-418D-A50E-F127C01ADD18}.Debug|Any CPU.Build.0 = Debug|Any CPU
		{12D59EB8-69B6-418D-A50E-F127C01ADD18}.Release|Any CPU.ActiveCfg = Release|Any CPU
		{12D59EB8-69B6-418D-A50E-F127C01ADD18}.Release|Any CPU.Build.0 = Release|Any CPU
		{78EF0E07-A6F0-4937-8F85-1B0B678E79DF}.Debug|Any CPU.ActiveCfg = Debug|Any CPU
		{78EF0E07-A6F0-4937-8F85-1B0B678E79DF}.Debug|Any CPU.Build.0 = Debug|Any CPU
		{78EF0E07-A6F0-4937-8F85-1B0B678E79DF}.Release|Any CPU.ActiveCfg = Release|Any CPU
		{78EF0E07-A6F0-4937-8F85-1B0B678E79DF}.Release|Any CPU.Build.0 = Release|Any CPU
		{2BD0D46C-52B3-41FA-BB1B-4AFD08D06CE7}.Debug|Any CPU.ActiveCfg = Debug|Any CPU
		{2BD0D46C-52B3-41FA-BB1B-4AFD08D06CE7}.Debug|Any CPU.Build.0 = Debug|Any CPU
		{2BD0D46C-52B3-41FA-BB1B-4AFD08D06CE7}.Release|Any CPU.ActiveCfg = Release|Any CPU
		{2BD0D46C-52B3-41FA-BB1B-4AFD08D06CE7}.Release|Any CPU.Build.0 = Release|Any CPU
		{514DB32A-850F-4C43-AFA8-8FB4488B92A4}.Debug|Any CPU.ActiveCfg = Debug|Any CPU
		{514DB32A-850F-4C43-AFA8-8FB4488B92A4}.Debug|Any CPU.Build.0 = Debug|Any CPU
		{514DB32A-850F-4C43-AFA8-8FB4488B92A4}.Release|Any CPU.ActiveCfg = Release|Any CPU
		{514DB32A-850F-4C43-AFA8-8FB4488B92A4}.Release|Any CPU.Build.0 = Release|Any CPU
		{F63F9237-994D-49AB-9D77-C026FD6E3D16}.Debug|Any CPU.ActiveCfg = Debug|Any CPU
		{F63F9237-994D-49AB-9D77-C026FD6E3D16}.Debug|Any CPU.Build.0 = Debug|Any CPU
		{F63F9237-994D-49AB-9D77-C026FD6E3D16}.Release|Any CPU.ActiveCfg = Release|Any CPU
		{F63F9237-994D-49AB-9D77-C026FD6E3D16}.Release|Any CPU.Build.0 = Release|Any CPU
		{C7C1A47D-9BAC-42C8-947C-6C1ED109B5ED}.Debug|Any CPU.ActiveCfg = Debug|Any CPU
		{C7C1A47D-9BAC-42C8-947C-6C1ED109B5ED}.Debug|Any CPU.Build.0 = Debug|Any CPU
		{C7C1A47D-9BAC-42C8-947C-6C1ED109B5ED}.Release|Any CPU.ActiveCfg = Release|Any CPU
		{C7C1A47D-9BAC-42C8-947C-6C1ED109B5ED}.Release|Any CPU.Build.0 = Release|Any CPU
		{C0882F71-3700-4E1C-9AA0-96D7A86A2B24}.Debug|Any CPU.ActiveCfg = Debug
		{C0882F71-3700-4E1C-9AA0-96D7A86A2B24}.Release|Any CPU.ActiveCfg = Release
		{5B12CD83-BF1F-45DE-870F-61B5D8B81F5F}.Debug|Any CPU.ActiveCfg = Debug|Any CPU
		{5B12CD83-BF1F-45DE-870F-61B5D8B81F5F}.Debug|Any CPU.Build.0 = Debug|Any CPU
		{5B12CD83-BF1F-45DE-870F-61B5D8B81F5F}.Release|Any CPU.ActiveCfg = Release|Any CPU
		{5B12CD83-BF1F-45DE-870F-61B5D8B81F5F}.Release|Any CPU.Build.0 = Release|Any CPU
		{117A1861-B14C-41C4-8C4C-C8A82A736A2C}.Debug|Any CPU.ActiveCfg = Debug|Any CPU
		{117A1861-B14C-41C4-8C4C-C8A82A736A2C}.Debug|Any CPU.Build.0 = Debug|Any CPU
		{117A1861-B14C-41C4-8C4C-C8A82A736A2C}.Release|Any CPU.ActiveCfg = Release|Any CPU
		{117A1861-B14C-41C4-8C4C-C8A82A736A2C}.Release|Any CPU.Build.0 = Release|Any CPU
		{BCE804EE-11F9-48E2-9718-3F1BBFCA113F}.Debug|Any CPU.ActiveCfg = Debug|Any CPU
		{BCE804EE-11F9-48E2-9718-3F1BBFCA113F}.Debug|Any CPU.Build.0 = Debug|Any CPU
		{BCE804EE-11F9-48E2-9718-3F1BBFCA113F}.Release|Any CPU.ActiveCfg = Release|Any CPU
		{BCE804EE-11F9-48E2-9718-3F1BBFCA113F}.Release|Any CPU.Build.0 = Release|Any CPU
		{F1B3AD9C-7D24-43D4-B824-A6EAFC60FF71}.Debug|Any CPU.ActiveCfg = Debug|Any CPU
		{F1B3AD9C-7D24-43D4-B824-A6EAFC60FF71}.Debug|Any CPU.Build.0 = Debug|Any CPU
		{F1B3AD9C-7D24-43D4-B824-A6EAFC60FF71}.Release|Any CPU.ActiveCfg = Release|Any CPU
		{F1B3AD9C-7D24-43D4-B824-A6EAFC60FF71}.Release|Any CPU.Build.0 = Release|Any CPU
		{2D9F7656-BD65-432B-8B6C-6E8AA558720F}.Debug|Any CPU.ActiveCfg = Debug|Any CPU
		{2D9F7656-BD65-432B-8B6C-6E8AA558720F}.Debug|Any CPU.Build.0 = Debug|Any CPU
		{2D9F7656-BD65-432B-8B6C-6E8AA558720F}.Release|Any CPU.ActiveCfg = Release|Any CPU
		{2D9F7656-BD65-432B-8B6C-6E8AA558720F}.Release|Any CPU.Build.0 = Release|Any CPU
		{DEB4192A-0D9C-484A-B99C-7B589E1E7448}.Debug|Any CPU.ActiveCfg = Debug
		{DEB4192A-0D9C-484A-B99C-7B589E1E7448}.Release|Any CPU.ActiveCfg = Release
	EndGlobalSection
	GlobalSection(SolutionProperties) = preSolution
		HideSolutionNode = FALSE
	EndGlobalSection
EndGlobal
