
Microsoft Visual Studio Solution File, Format Version 10.00
# Visual Studio 2008
Project("{F184B08F-C81C-45F6-A57F-5ABD9991F28F}") = "PSIS-SERVER", "PSIS-SERVER\PSIS-SERVER.vbproj", "{C765B27B-7BCF-496F-B578-005743A810FE}"
EndProject
Project("{F184B08F-C81C-45F6-A57F-5ABD9991F28F}") = "Common", "Common\Common.vbproj", "{78EF0E07-A6F0-4937-8F85-1B0B678E79DF}"
EndProject
Project("{F184B08F-C81C-45F6-A57F-5ABD9991F28F}") = "PSIS-CLIENT", "PSIS-CLIENT\PSIS-CLIENT.vbproj", "{0B4B2E8E-F984-418A-9AAC-F6C1A209D2A6}"
EndProject
Project("{F184B08F-C81C-45F6-A57F-5ABD9991F28F}") = "PLCCommunicationSimulator", "PLCCommunicationSimulator\PLCCommunicationSimulator.vbproj", "{0E70FAB0-C434-4086-B61A-BBA1DD913438}"
EndProject
Project("{F184B08F-C81C-45F6-A57F-5ABD9991F28F}") = "PSIS-IMPORT", "PSIS-IMPORT\PSIS-IMPORT.vbproj", "{C0EF1D83-7440-4D14-9CAA-6D463EFE40C1}"
EndProject
Project("{F184B08F-C81C-45F6-A57F-5ABD9991F28F}") = "log-Service", "log-Service\log-Service.vbproj", "{B1CA4131-DBC5-4498-9739-F7F923C98001}"
EndProject
Project("{F184B08F-C81C-45F6-A57F-5ABD9991F28F}") = "ReadStdIO", "ReadStdIO\ReadStdIO.vbproj", "{85F30CFC-FD61-4DAE-A39D-AF4CFD7C9DA6}"
EndProject
Project("{F184B08F-C81C-45F6-A57F-5ABD9991F28F}") = "PSIS-SCHEDULER", "PSIS-SCHEDULER\PSIS-SCHEDULER.vbproj", "{A14D4B32-3AB8-4145-94D6-115E7339D02C}"
EndProject
Project("{54435603-DBB4-11D2-8724-00A0C9A8B90C}") = "RT50PaintPSISSetup", "RT50PaintPSISSetup\RT50PaintPSISSetup.vdproj", "{E29C0C8E-D57C-46AC-B83D-AF5ED28754D7}"
EndProject
Project("{54435603-DBB4-11D2-8724-00A0C9A8B90C}") = "RT50PaintClientSetup", "RT50PaintClientSetup\RT50PaintClientSetup.vdproj", "{3A024D49-F230-4C94-9AAE-BFCF8ECBA139}"
EndProject
Global
	GlobalSection(SolutionConfigurationPlatforms) = preSolution
		Debug|Any CPU = Debug|Any CPU
		Release|Any CPU = Release|Any CPU
	EndGlobalSection
	GlobalSection(ProjectConfigurationPlatforms) = postSolution
		{C765B27B-7BCF-496F-B578-005743A810FE}.Debug|Any CPU.ActiveCfg = Debug|Any CPU
		{C765B27B-7BCF-496F-B578-005743A810FE}.Debug|Any CPU.Build.0 = Debug|Any CPU
		{C765B27B-7BCF-496F-B578-005743A810FE}.Release|Any CPU.ActiveCfg = Release|Any CPU
		{C765B27B-7BCF-496F-B578-005743A810FE}.Release|Any CPU.Build.0 = Release|Any CPU
		{78EF0E07-A6F0-4937-8F85-1B0B678E79DF}.Debug|Any CPU.ActiveCfg = Debug|Any CPU
		{78EF0E07-A6F0-4937-8F85-1B0B678E79DF}.Debug|Any CPU.Build.0 = Debug|Any CPU
		{78EF0E07-A6F0-4937-8F85-1B0B678E79DF}.Release|Any CPU.ActiveCfg = Release|Any CPU
		{78EF0E07-A6F0-4937-8F85-1B0B678E79DF}.Release|Any CPU.Build.0 = Release|Any CPU
		{0B4B2E8E-F984-418A-9AAC-F6C1A209D2A6}.Debug|Any CPU.ActiveCfg = Debug|Any CPU
		{0B4B2E8E-F984-418A-9AAC-F6C1A209D2A6}.Debug|Any CPU.Build.0 = Debug|Any CPU
		{0B4B2E8E-F984-418A-9AAC-F6C1A209D2A6}.Release|Any CPU.ActiveCfg = Release|Any CPU
		{0B4B2E8E-F984-418A-9AAC-F6C1A209D2A6}.Release|Any CPU.Build.0 = Release|Any CPU
		{0E70FAB0-C434-4086-B61A-BBA1DD913438}.Debug|Any CPU.ActiveCfg = Debug|Any CPU
		{0E70FAB0-C434-4086-B61A-BBA1DD913438}.Debug|Any CPU.Build.0 = Debug|Any CPU
		{0E70FAB0-C434-4086-B61A-BBA1DD913438}.Release|Any CPU.ActiveCfg = Release|Any CPU
		{0E70FAB0-C434-4086-B61A-BBA1DD913438}.Release|Any CPU.Build.0 = Release|Any CPU
		{C0EF1D83-7440-4D14-9CAA-6D463EFE40C1}.Debug|Any CPU.ActiveCfg = Debug|Any CPU
		{C0EF1D83-7440-4D14-9CAA-6D463EFE40C1}.Debug|Any CPU.Build.0 = Debug|Any CPU
		{C0EF1D83-7440-4D14-9CAA-6D463EFE40C1}.Release|Any CPU.ActiveCfg = Release|Any CPU
		{C0EF1D83-7440-4D14-9CAA-6D463EFE40C1}.Release|Any CPU.Build.0 = Release|Any CPU
		{B1CA4131-DBC5-4498-9739-F7F923C98001}.Debug|Any CPU.ActiveCfg = Debug|Any CPU
		{B1CA4131-DBC5-4498-9739-F7F923C98001}.Debug|Any CPU.Build.0 = Debug|Any CPU
		{B1CA4131-DBC5-4498-9739-F7F923C98001}.Release|Any CPU.ActiveCfg = Release|Any CPU
		{B1CA4131-DBC5-4498-9739-F7F923C98001}.Release|Any CPU.Build.0 = Release|Any CPU
		{85F30CFC-FD61-4DAE-A39D-AF4CFD7C9DA6}.Debug|Any CPU.ActiveCfg = Debug|Any CPU
		{85F30CFC-FD61-4DAE-A39D-AF4CFD7C9DA6}.Debug|Any CPU.Build.0 = Debug|Any CPU
		{85F30CFC-FD61-4DAE-A39D-AF4CFD7C9DA6}.Release|Any CPU.ActiveCfg = Release|Any CPU
		{85F30CFC-FD61-4DAE-A39D-AF4CFD7C9DA6}.Release|Any CPU.Build.0 = Release|Any CPU
		{A14D4B32-3AB8-4145-94D6-115E7339D02C}.Debug|Any CPU.ActiveCfg = Debug|Any CPU
		{A14D4B32-3AB8-4145-94D6-115E7339D02C}.Debug|Any CPU.Build.0 = Debug|Any CPU
		{A14D4B32-3AB8-4145-94D6-115E7339D02C}.Release|Any CPU.ActiveCfg = Release|Any CPU
		{A14D4B32-3AB8-4145-94D6-115E7339D02C}.Release|Any CPU.Build.0 = Release|Any CPU
		{E29C0C8E-D57C-46AC-B83D-AF5ED28754D7}.Debug|Any CPU.ActiveCfg = Debug
		{E29C0C8E-D57C-46AC-B83D-AF5ED28754D7}.Release|Any CPU.ActiveCfg = Release
		{3A024D49-F230-4C94-9AAE-BFCF8ECBA139}.Debug|Any CPU.ActiveCfg = Debug
		{3A024D49-F230-4C94-9AAE-BFCF8ECBA139}.Release|Any CPU.ActiveCfg = Release
	EndGlobalSection
	GlobalSection(SolutionProperties) = preSolution
		HideSolutionNode = FALSE
	EndGlobalSection
EndGlobal
